
Microsoft Visual Studio Solution File, Format Version 12.00
# Visual Studio 15
VisualStudioVersion = 15.0.28307.421
MinimumVisualStudioVersion = 10.0.40219.1
Project("{FAE04EC0-301F-11D3-BF4B-00C04F79EFBC}") = "FARMACIA-SEMI", "FARMACIA-SEMI\FARMACIA-SEMI.csproj", "{608023E6-AC5D-486E-9D07-257A62ACE5C8}"
EndProject
Global
	GlobalSection(SolutionConfigurationPlatforms) = preSolution
		Debug|Any CPU = Debug|Any CPU
		Release|Any CPU = Release|Any CPU
	EndGlobalSection
	GlobalSection(ProjectConfigurationPlatforms) = postSolution
		{608023E6-AC5D-486E-9D07-257A62ACE5C8}.Debug|Any CPU.ActiveCfg = Debug|Any CPU
		{608023E6-AC5D-486E-9D07-257A62ACE5C8}.Debug|Any CPU.Build.0 = Debug|Any CPU
		{608023E6-AC5D-486E-9D07-257A62ACE5C8}.Release|Any CPU.ActiveCfg = Release|Any CPU
		{608023E6-AC5D-486E-9D07-257A62ACE5C8}.Release|Any CPU.Build.0 = Release|Any CPU
	EndGlobalSection
	GlobalSection(SolutionProperties) = preSolution
		HideSolutionNode = FALSE
	EndGlobalSection
	GlobalSection(ExtensibilityGlobals) = postSolution
		SolutionGuid = {819CD19B-F7EF-49BE-AE44-C51D402725B6}
	EndGlobalSection
EndGlobal
